lockfileVersion: '9.0'

settings:
  autoInstallPeers: false
  excludeLinksFromLockfile: false

importers:

  .:
    devDependencies:
      stylelint-config-standard-scss:
        specifier: ^14.0.0
        version: 14.0.0

packages:

  css-tree@3.0.1:
    resolution: {integrity: sha512-8Fxxv+tGhORlshCdCwnNJytvlvq46sOLSYEx2ZIGurahWvMucSRnyjPA3AmrMq4VPRYbHVpWj5VkiVasrM2H4Q==}
    engines: {node: ^10 || ^12.20.0 || ^14.13.0 || >=15.0.0}

  cssesc@3.0.0:
    resolution: {integrity: sha512-/Tb/JcjK111nNScGob5MNtsntNM1aCNUDipB/TkwZFhyDrrE47SOx/18wF2bbjgc3ZzCSKW1T5nt5EbFoAz/Vg==}
    engines: {node: '>=4'}
    hasBin: true

  is-plain-object@5.0.0:
    resolution: {integrity: sha512-VRSzKkbMm5jMDoKLbltAkFQ5Qr7VDiTFGXxYFXXowVj387GeGNOCsOH6Msy00SGZ3Fp84b1Naa1psqgcCIEP5Q==}
    engines: {node: '>=0.10.0'}

  known-css-properties@0.35.0:
    resolution: {integrity: sha512-a/RAk2BfKk+WFGhhOCAYqSiFLc34k8Mt/6NWRI4joER0EYUzXIcFivjjnoD3+XU1DggLn/tZc3DOAgke7l8a4A==}

  mdn-data@2.12.1:
    resolution: {integrity: sha512-rsfnCbOHjqrhWxwt5/wtSLzpoKTzW7OXdT5lLOIH1OTYhWu9rRJveGq0sKvDZODABH7RX+uoR+DYcpFnq4Tf6Q==}

  mdn-data@2.12.2:
    resolution: {integrity: sha512-IEn+pegP1aManZuckezWCO+XZQDplx1366JoVhTpMpBB1sPey/SbveZQUosKiKiGYjg1wH4pMlNgXbCiYgihQA==}

  postcss-media-query-parser@0.2.3:
    resolution: {integrity: sha512-3sOlxmbKcSHMjlUXQZKQ06jOswE7oVkXPxmZdoB1r5l0q6gTFTQSHxNxOrCccElbW7dxNytifNEo8qidX2Vsig==}

  postcss-resolve-nested-selector@0.1.6:
    resolution: {integrity: sha512-0sglIs9Wmkzbr8lQwEyIzlDOOC9bGmfVKcJTaxv3vMmd3uo4o4DerC3En0bnmgceeql9BfC8hRkp7cg0fjdVqw==}

  postcss-scss@4.0.9:
    resolution: {integrity: sha512-AjKOeiwAitL/MXxQW2DliT28EKukvvbEWx3LBmJIRN8KfBGZbRTxNYW0kSqi1COiTZ57nZ9NW06S6ux//N1c9A==}
    engines: {node: '>=12.0'}
    peerDependencies:
      postcss: ^8.4.29

  postcss-selector-parser@7.0.0:
    resolution: {integrity: sha512-9RbEr1Y7FFfptd/1eEdntyjMwLeghW1bHX9GWjXo19vx4ytPQhANltvVxDggzJl7mnWM+dX28kb6cyS/4iQjlQ==}
    engines: {node: '>=4'}

  postcss-value-parser@4.2.0:
    resolution: {integrity: sha512-1NNCs6uurfkVbeXG4S8JFT9t19m45ICnif8zWLd5oPSZ50QnwMfK+H3jv408d4jw/7Bttv5axS5IiHoLaVNHeQ==}

  source-map-js@1.2.1:
    resolution: {integrity: sha512-UXWMKhLOwVKb728IUtQPXxfYU+usdybtUrK/8uGE8CQMvrhOpwvzDBwj0QhSL7MQc7vIsISBG8VQ8+IDQxpfQA==}
    engines: {node: '>=0.10.0'}

  stylelint-config-recommended-scss@14.1.0:
    resolution: {integrity: sha512-bhaMhh1u5dQqSsf6ri2GVWWQW5iUjBYgcHkh7SgDDn92ijoItC/cfO/W+fpXshgTQWhwFkP1rVcewcv4jaftRg==}
    engines: {node: '>=18.12.0'}
    peerDependencies:
      postcss: ^8.3.3
      stylelint: ^16.6.1
    peerDependenciesMeta:
      postcss:
        optional: true

  stylelint-config-recommended@14.0.1:
    resolution: {integrity: sha512-bLvc1WOz/14aPImu/cufKAZYfXs/A/owZfSMZ4N+16WGXLoX5lOir53M6odBxvhgmgdxCVnNySJmZKx73T93cg==}
    engines: {node: '>=18.12.0'}
    peerDependencies:
      stylelint: ^16.1.0

  stylelint-config-standard-scss@14.0.0:
    resolution: {integrity: sha512-6Pa26D9mHyi4LauJ83ls3ELqCglU6VfCXchovbEqQUiEkezvKdv6VgsIoMy58i00c854wVmOw0k8W5FTpuaVqg==}
    engines: {node: '>=18.12.0'}
    peerDependencies:
      postcss: ^8.3.3
      stylelint: ^16.11.0
    peerDependenciesMeta:
      postcss:
        optional: true

  stylelint-config-standard@36.0.1:
    resolution: {integrity: sha512-8aX8mTzJ6cuO8mmD5yon61CWuIM4UD8Q5aBcWKGSf6kg+EC3uhB+iOywpTK4ca6ZL7B49en8yanOFtUW0qNzyw==}
    engines: {node: '>=18.12.0'}
    peerDependencies:
      stylelint: ^16.1.0

  stylelint-scss@6.10.0:
    resolution: {integrity: sha512-y03if6Qw9xBMoVaf7tzp5BbnYhYvudIKzURkhSHzcHG0bW0fAYvQpTUVJOe7DyhHaxeThBil4ObEMvGbV7+M+w==}
    engines: {node: '>=18.12.0'}
    peerDependencies:
      stylelint: ^16.0.2

  util-deprecate@1.0.2:
    resolution: {integrity: sha512-EPD5q1uXyFxJpCrLnCc1nHnq3gOa6DZBocAIiI2TaSCA7VCJ1UJDMagCzIkXNsUYfD1daK//LTEQ8xiIbrHtcw==}

snapshots:

  css-tree@3.0.1:
    dependencies:
      mdn-data: 2.12.1
      source-map-js: 1.2.1

  cssesc@3.0.0: {}

  is-plain-object@5.0.0: {}

  known-css-properties@0.35.0: {}

  mdn-data@2.12.1: {}

  mdn-data@2.12.2: {}

  postcss-media-query-parser@0.2.3: {}

  postcss-resolve-nested-selector@0.1.6: {}

  postcss-scss@4.0.9: {}

  postcss-selector-parser@7.0.0:
    dependencies:
      cssesc: 3.0.0
      util-deprecate: 1.0.2

  postcss-value-parser@4.2.0: {}

  source-map-js@1.2.1: {}

  stylelint-config-recommended-scss@14.1.0:
    dependencies:
      postcss-scss: 4.0.9
      stylelint-config-recommended: 14.0.1
      stylelint-scss: 6.10.0

  stylelint-config-recommended@14.0.1: {}

  stylelint-config-standard-scss@14.0.0:
    dependencies:
      stylelint-config-recommended-scss: 14.1.0
      stylelint-config-standard: 36.0.1

  stylelint-config-standard@36.0.1:
    dependencies:
      stylelint-config-recommended: 14.0.1

  stylelint-scss@6.10.0:
    dependencies:
      css-tree: 3.0.1
      is-plain-object: 5.0.0
      known-css-properties: 0.35.0
      mdn-data: 2.12.2
      postcss-media-query-parser: 0.2.3
      postcss-resolve-nested-selector: 0.1.6
      postcss-selector-parser: 7.0.0
      postcss-value-parser: 4.2.0

  util-deprecate@1.0.2: {}
