lockfileVersion: '9.0'

settings:
  autoInstallPeers: false
  excludeLinksFromLockfile: false

importers:

  .:
    devDependencies:
      stylelint-config-standard-scss:
        specifier: ^15.0.1
        version: 15.0.1

packages:

  css-tree@3.1.0:
    resolution: {integrity: sha512-0eW44TGN5SQXU1mWSkKwFstI/22X2bG1nYzZTYMAWjylYURhse752YgbE4Cx46AC+bAvI+/dYTPRk1LqSUnu6w==}
    engines: {node: ^10 || ^12.20.0 || ^14.13.0 || >=15.0.0}

  cssesc@3.0.0:
    resolution: {integrity: sha512-/Tb/JcjK111nNScGob5MNtsntNM1aCNUDipB/TkwZFhyDrrE47SOx/18wF2bbjgc3ZzCSKW1T5nt5EbFoAz/Vg==}
    engines: {node: '>=4'}
    hasBin: true

  is-plain-object@5.0.0:
    resolution: {integrity: sha512-VRSzKkbMm5jMDoKLbltAkFQ5Qr7VDiTFGXxYFXXowVj387GeGNOCsOH6Msy00SGZ3Fp84b1Naa1psqgcCIEP5Q==}
    engines: {node: '>=0.10.0'}

  known-css-properties@0.36.0:
    resolution: {integrity: sha512-A+9jP+IUmuQsNdsLdcg6Yt7voiMF/D4K83ew0OpJtpu+l34ef7LaohWV0Rc6KNvzw6ZDizkqfyB5JznZnzuKQA==}

  mdn-data@2.12.2:
    resolution: {integrity: sha512-IEn+pegP1aManZuckezWCO+XZQDplx1366JoVhTpMpBB1sPey/SbveZQUosKiKiGYjg1wH4pMlNgXbCiYgihQA==}

  mdn-data@2.21.0:
    resolution: {integrity: sha512-+ZKPQezM5vYJIkCxaC+4DTnRrVZR1CgsKLu5zsQERQx6Tea8Y+wMx5A24rq8A8NepCeatIQufVAekKNgiBMsGQ==}

  postcss-media-query-parser@0.2.3:
    resolution: {integrity: sha512-3sOlxmbKcSHMjlUXQZKQ06jOswE7oVkXPxmZdoB1r5l0q6gTFTQSHxNxOrCccElbW7dxNytifNEo8qidX2Vsig==}

  postcss-resolve-nested-selector@0.1.6:
    resolution: {integrity: sha512-0sglIs9Wmkzbr8lQwEyIzlDOOC9bGmfVKcJTaxv3vMmd3uo4o4DerC3En0bnmgceeql9BfC8hRkp7cg0fjdVqw==}

  postcss-scss@4.0.9:
    resolution: {integrity: sha512-AjKOeiwAitL/MXxQW2DliT28EKukvvbEWx3LBmJIRN8KfBGZbRTxNYW0kSqi1COiTZ57nZ9NW06S6ux//N1c9A==}
    engines: {node: '>=12.0'}
    peerDependencies:
      postcss: ^8.4.29

  postcss-selector-parser@7.1.0:
    resolution: {integrity: sha512-8sLjZwK0R+JlxlYcTuVnyT2v+htpdrjDOKuMcOVdYjt52Lh8hWRYpxBPoKx/Zg+bcjc3wx6fmQevMmUztS/ccA==}
    engines: {node: '>=4'}

  postcss-value-parser@4.2.0:
    resolution: {integrity: sha512-1NNCs6uurfkVbeXG4S8JFT9t19m45ICnif8zWLd5oPSZ50QnwMfK+H3jv408d4jw/7Bttv5axS5IiHoLaVNHeQ==}

  source-map-js@1.2.1:
    resolution: {integrity: sha512-UXWMKhLOwVKb728IUtQPXxfYU+usdybtUrK/8uGE8CQMvrhOpwvzDBwj0QhSL7MQc7vIsISBG8VQ8+IDQxpfQA==}
    engines: {node: '>=0.10.0'}

  stylelint-config-recommended-scss@15.0.1:
    resolution: {integrity: sha512-V24bxkNkFGggqPVJlP9iXaBabwSGEG7QTz+PyxrRtjPkcF+/NsWtB3tKYvFYEmczRkWiIEfuFMhGpJFj9Fxe6Q==}
    engines: {node: '>=20'}
    peerDependencies:
      postcss: ^8.3.3
      stylelint: ^16.16.0
    peerDependenciesMeta:
      postcss:
        optional: true

  stylelint-config-recommended@16.0.0:
    resolution: {integrity: sha512-4RSmPjQegF34wNcK1e1O3Uz91HN8P1aFdFzio90wNK9mjgAI19u5vsU868cVZboKzCaa5XbpvtTzAAGQAxpcXA==}
    engines: {node: '>=18.12.0'}
    peerDependencies:
      stylelint: ^16.16.0

  stylelint-config-standard-scss@15.0.1:
    resolution: {integrity: sha512-8pmmfutrMlPHukLp+Th9asmk21tBXMVGxskZCzkRVWt1d8Z0SrXjUUQ3vn9KcBj1bJRd5msk6yfEFM0UYHBRdg==}
    engines: {node: '>=20'}
    peerDependencies:
      postcss: ^8.3.3
      stylelint: ^16.18.0
    peerDependenciesMeta:
      postcss:
        optional: true

  stylelint-config-standard@38.0.0:
    resolution: {integrity: sha512-uj3JIX+dpFseqd/DJx8Gy3PcRAJhlEZ2IrlFOc4LUxBX/PNMEQ198x7LCOE2Q5oT9Vw8nyc4CIL78xSqPr6iag==}
    engines: {node: '>=18.12.0'}
    peerDependencies:
      stylelint: ^16.18.0

  stylelint-scss@6.12.0:
    resolution: {integrity: sha512-U7CKhi1YNkM1pXUXl/GMUXi8xKdhl4Ayxdyceie1nZ1XNIdaUgMV6OArpooWcDzEggwgYD0HP/xIgVJo9a655w==}
    engines: {node: '>=18.12.0'}
    peerDependencies:
      stylelint: ^16.0.2

  util-deprecate@1.0.2:
    resolution: {integrity: sha512-EPD5q1uXyFxJpCrLnCc1nHnq3gOa6DZBocAIiI2TaSCA7VCJ1UJDMagCzIkXNsUYfD1daK//LTEQ8xiIbrHtcw==}

snapshots:

  css-tree@3.1.0:
    dependencies:
      mdn-data: 2.12.2
      source-map-js: 1.2.1

  cssesc@3.0.0: {}

  is-plain-object@5.0.0: {}

  known-css-properties@0.36.0: {}

  mdn-data@2.12.2: {}

  mdn-data@2.21.0: {}

  postcss-media-query-parser@0.2.3: {}

  postcss-resolve-nested-selector@0.1.6: {}

  postcss-scss@4.0.9: {}

  postcss-selector-parser@7.1.0:
    dependencies:
      cssesc: 3.0.0
      util-deprecate: 1.0.2

  postcss-value-parser@4.2.0: {}

  source-map-js@1.2.1: {}

  stylelint-config-recommended-scss@15.0.1:
    dependencies:
      postcss-scss: 4.0.9
      stylelint-config-recommended: 16.0.0
      stylelint-scss: 6.12.0

  stylelint-config-recommended@16.0.0: {}

  stylelint-config-standard-scss@15.0.1:
    dependencies:
      stylelint-config-recommended-scss: 15.0.1
      stylelint-config-standard: 38.0.0

  stylelint-config-standard@38.0.0:
    dependencies:
      stylelint-config-recommended: 16.0.0

  stylelint-scss@6.12.0:
    dependencies:
      css-tree: 3.1.0
      is-plain-object: 5.0.0
      known-css-properties: 0.36.0
      mdn-data: 2.21.0
      postcss-media-query-parser: 0.2.3
      postcss-resolve-nested-selector: 0.1.6
      postcss-selector-parser: 7.1.0
      postcss-value-parser: 4.2.0

  util-deprecate@1.0.2: {}
