lockfileVersion: '9.0'

settings:
  autoInstallPeers: false
  excludeLinksFromLockfile: false

importers:

  .:
    devDependencies:
      stylelint-config-standard-scss:
        specifier: ^13.1.0
        version: 13.1.0

packages:

  cssesc@3.0.0:
    resolution: {integrity: sha512-/Tb/JcjK111nNScGob5MNtsntNM1aCNUDipB/TkwZFhyDrrE47SOx/18wF2bbjgc3ZzCSKW1T5nt5EbFoAz/Vg==}
    engines: {node: '>=4'}
    hasBin: true

  known-css-properties@0.31.0:
    resolution: {integrity: sha512-sBPIUGTNF0czz0mwGGUoKKJC8Q7On1GPbCSFPfyEsfHb2DyBG0Y4QtV+EVWpINSaiGKZblDNuF5AezxSgOhesQ==}

  postcss-media-query-parser@0.2.3:
    resolution: {integrity: sha512-3sOlxmbKcSHMjlUXQZKQ06jOswE7oVkXPxmZdoB1r5l0q6gTFTQSHxNxOrCccElbW7dxNytifNEo8qidX2Vsig==}

  postcss-resolve-nested-selector@0.1.1:
    resolution: {integrity: sha512-HvExULSwLqHLgUy1rl3ANIqCsvMS0WHss2UOsXhXnQaZ9VCc2oBvIpXrl00IUFT5ZDITME0o6oiXeiHr2SAIfw==}

  postcss-scss@4.0.9:
    resolution: {integrity: sha512-AjKOeiwAitL/MXxQW2DliT28EKukvvbEWx3LBmJIRN8KfBGZbRTxNYW0kSqi1COiTZ57nZ9NW06S6ux//N1c9A==}
    engines: {node: '>=12.0'}
    peerDependencies:
      postcss: ^8.4.29

  postcss-selector-parser@6.1.0:
    resolution: {integrity: sha512-UMz42UD0UY0EApS0ZL9o1XnLhSTtvvvLe5Dc2H2O56fvRZi+KulDyf5ctDhhtYJBGKStV2FL1fy6253cmLgqVQ==}
    engines: {node: '>=4'}

  postcss-value-parser@4.2.0:
    resolution: {integrity: sha512-1NNCs6uurfkVbeXG4S8JFT9t19m45ICnif8zWLd5oPSZ50QnwMfK+H3jv408d4jw/7Bttv5axS5IiHoLaVNHeQ==}

  stylelint-config-recommended-scss@14.0.0:
    resolution: {integrity: sha512-HDvpoOAQ1RpF+sPbDOT2Q2/YrBDEJDnUymmVmZ7mMCeNiFSdhRdyGEimBkz06wsN+HaFwUh249gDR+I9JR7Onw==}
    engines: {node: '>=18.12.0'}
    peerDependencies:
      postcss: ^8.3.3
      stylelint: ^16.0.2
    peerDependenciesMeta:
      postcss:
        optional: true

  stylelint-config-recommended@14.0.1:
    resolution: {integrity: sha512-bLvc1WOz/14aPImu/cufKAZYfXs/A/owZfSMZ4N+16WGXLoX5lOir53M6odBxvhgmgdxCVnNySJmZKx73T93cg==}
    engines: {node: '>=18.12.0'}
    peerDependencies:
      stylelint: ^16.1.0

  stylelint-config-standard-scss@13.1.0:
    resolution: {integrity: sha512-Eo5w7/XvwGHWkeGLtdm2FZLOMYoZl1omP2/jgFCXyl2x5yNz7/8vv4Tj6slHvMSSUNTaGoam/GAZ0ZhukvalfA==}
    engines: {node: '>=18.12.0'}
    peerDependencies:
      postcss: ^8.3.3
      stylelint: ^16.3.1
    peerDependenciesMeta:
      postcss:
        optional: true

  stylelint-config-standard@36.0.1:
    resolution: {integrity: sha512-8aX8mTzJ6cuO8mmD5yon61CWuIM4UD8Q5aBcWKGSf6kg+EC3uhB+iOywpTK4ca6ZL7B49en8yanOFtUW0qNzyw==}
    engines: {node: '>=18.12.0'}
    peerDependencies:
      stylelint: ^16.1.0

  stylelint-scss@6.3.2:
    resolution: {integrity: sha512-pNk9mXOVKkQtd+SROPC9io8ISSgX+tOVPhFdBE+LaKQnJMLdWPbGKAGYv4Wmf/RrnOjkutunNTN9kKMhkdE5qA==}
    engines: {node: '>=18.12.0'}
    peerDependencies:
      stylelint: ^16.0.2

  util-deprecate@1.0.2:
    resolution: {integrity: sha512-EPD5q1uXyFxJpCrLnCc1nHnq3gOa6DZBocAIiI2TaSCA7VCJ1UJDMagCzIkXNsUYfD1daK//LTEQ8xiIbrHtcw==}

snapshots:

  cssesc@3.0.0: {}

  known-css-properties@0.31.0: {}

  postcss-media-query-parser@0.2.3: {}

  postcss-resolve-nested-selector@0.1.1: {}

  postcss-scss@4.0.9: {}

  postcss-selector-parser@6.1.0:
    dependencies:
      cssesc: 3.0.0
      util-deprecate: 1.0.2

  postcss-value-parser@4.2.0: {}

  stylelint-config-recommended-scss@14.0.0:
    dependencies:
      postcss-scss: 4.0.9
      stylelint-config-recommended: 14.0.1
      stylelint-scss: 6.3.2

  stylelint-config-recommended@14.0.1: {}

  stylelint-config-standard-scss@13.1.0:
    dependencies:
      stylelint-config-recommended-scss: 14.0.0
      stylelint-config-standard: 36.0.1

  stylelint-config-standard@36.0.1:
    dependencies:
      stylelint-config-recommended: 14.0.1

  stylelint-scss@6.3.2:
    dependencies:
      known-css-properties: 0.31.0
      postcss-media-query-parser: 0.2.3
      postcss-resolve-nested-selector: 0.1.1
      postcss-selector-parser: 6.1.0
      postcss-value-parser: 4.2.0

  util-deprecate@1.0.2: {}
